
Microsoft Visual Studio Solution File, Format Version 12.00
# Visual Studio 15
Project("{FAE04EC0-301F-11D3-BF4B-00C04F79EFBC}") = "PixelProject_TestAI", "Assembly-CSharp.csproj", "{57BA1ECF-7972-0375-D4D6-9EF84E4154B8}"
EndProject
Project("{FAE04EC0-301F-11D3-BF4B-00C04F79EFBC}") = "PixelProject_TestAI", "Assembly-CSharp-Editor.csproj", "{3166FB4B-A3C7-CC27-FDFE-ECE4AE648B86}"
EndProject
Global
	GlobalSection(SolutionConfigurationPlatforms) = preSolution
		Debug|Any CPU = Debug|Any CPU
		Release|Any CPU = Release|Any CPU
	EndGlobalSection
	GlobalSection(ProjectConfigurationPlatforms) = postSolution
		{57BA1ECF-7972-0375-D4D6-9EF84E4154B8}.Debug|Any CPU.ActiveCfg = Debug|Any CPU
		{57BA1ECF-7972-0375-D4D6-9EF84E4154B8}.Debug|Any CPU.Build.0 = Debug|Any CPU
		{57BA1ECF-7972-0375-D4D6-9EF84E4154B8}.Release|Any CPU.ActiveCfg = Release|Any CPU
		{57BA1ECF-7972-0375-D4D6-9EF84E4154B8}.Release|Any CPU.Build.0 = Release|Any CPU
		{3166FB4B-A3C7-CC27-FDFE-ECE4AE648B86}.Debug|Any CPU.ActiveCfg = Debug|Any CPU
		{3166FB4B-A3C7-CC27-FDFE-ECE4AE648B86}.Debug|Any CPU.Build.0 = Debug|Any CPU
		{3166FB4B-A3C7-CC27-FDFE-ECE4AE648B86}.Release|Any CPU.ActiveCfg = Release|Any CPU
		{3166FB4B-A3C7-CC27-FDFE-ECE4AE648B86}.Release|Any CPU.Build.0 = Release|Any CPU
	EndGlobalSection
	GlobalSection(SolutionProperties) = preSolution
		HideSolutionNode = FALSE
	EndGlobalSection
EndGlobal
